
Microsoft Visual Studio Solution File, Format Version 12.00
# Visual Studio Version 17
VisualStudioVersion = 17.9.34714.143
MinimumVisualStudioVersion = 10.0.40219.1
Project("{FAE04EC0-301F-11D3-BF4B-00C04F79EFBC}") = "Easy and Medium Questions", "Easy Questions\Easy and Medium Questions.csproj", "{7B5EFDBB-6205-4CDC-B899-7402C385FCAF}"
EndProject
Project("{FAE04EC0-301F-11D3-BF4B-00C04F79EFBC}") = "Hard Questions", "Hard Questions\Hard Questions.csproj", "{44009912-B4B7-4B5C-8DCB-7A620AD6BAC5}"
EndProject
Project("{FAE04EC0-301F-11D3-BF4B-00C04F79EFBC}") = "DataStructures", "DataStructures\DataStructures.csproj", "{49079DFE-4C49-4339-BE1C-A5218723C5E4}"
EndProject
Global
	GlobalSection(SolutionConfigurationPlatforms) = preSolution
		Debug|Any CPU = Debug|Any CPU
		Release|Any CPU = Release|Any CPU
	EndGlobalSection
	GlobalSection(ProjectConfigurationPlatforms) = postSolution
		{7B5EFDBB-6205-4CDC-B899-7402C385FCAF}.Debug|Any CPU.ActiveCfg = Debug|Any CPU
		{7B5EFDBB-6205-4CDC-B899-7402C385FCAF}.Debug|Any CPU.Build.0 = Debug|Any CPU
		{7B5EFDBB-6205-4CDC-B899-7402C385FCAF}.Release|Any CPU.ActiveCfg = Release|Any CPU
		{7B5EFDBB-6205-4CDC-B899-7402C385FCAF}.Release|Any CPU.Build.0 = Release|Any CPU
		{44009912-B4B7-4B5C-8DCB-7A620AD6BAC5}.Debug|Any CPU.ActiveCfg = Debug|Any CPU
		{44009912-B4B7-4B5C-8DCB-7A620AD6BAC5}.Debug|Any CPU.Build.0 = Debug|Any CPU
		{44009912-B4B7-4B5C-8DCB-7A620AD6BAC5}.Release|Any CPU.ActiveCfg = Release|Any CPU
		{44009912-B4B7-4B5C-8DCB-7A620AD6BAC5}.Release|Any CPU.Build.0 = Release|Any CPU
		{49079DFE-4C49-4339-BE1C-A5218723C5E4}.Debug|Any CPU.ActiveCfg = Debug|Any CPU
		{49079DFE-4C49-4339-BE1C-A5218723C5E4}.Debug|Any CPU.Build.0 = Debug|Any CPU
		{49079DFE-4C49-4339-BE1C-A5218723C5E4}.Release|Any CPU.ActiveCfg = Release|Any CPU
		{49079DFE-4C49-4339-BE1C-A5218723C5E4}.Release|Any CPU.Build.0 = Release|Any CPU
	EndGlobalSection
	GlobalSection(SolutionProperties) = preSolution
		HideSolutionNode = FALSE
	EndGlobalSection
	GlobalSection(ExtensibilityGlobals) = postSolution
		SolutionGuid = {54485E0B-25FC-44BF-8B0A-D2AB382BD745}
	EndGlobalSection
EndGlobal
